// !$*UTF8*$!
{
	archiveVersion = 1;
	classes = {
	};
	objectVersion = 50;
	objects = {

/* Begin PBXBuildFile section */
		FC8AB12726075F0E00BF5AA4 /* AppDelegate.swift in Sources */ = {isa = PBXBuildFile; fileRef = FC8AB12626075F0E00BF5AA4 /* AppDelegate.swift */; };
		FC8AB12926075F0E00BF5AA4 /* SceneDelegate.swift in Sources */ = {isa = PBXBuildFile; fileRef = FC8AB12826075F0E00BF5AA4 /* SceneDelegate.swift */; };
		FC8AB12B26075F0E00BF5AA4 /* ViewController.swift in Sources */ = {isa = PBXBuildFile; fileRef = FC8AB12A26075F0E00BF5AA4 /* ViewController.swift */; };
		FC8AB12E26075F0E00BF5AA4 /* Main.storyboard in Resources */ = {isa = PBXBuildFile; fileRef = FC8AB12C26075F0E00BF5AA4 /* Main.storyboard */; };
		FC8AB13026075F0F00BF5AA4 /* Assets.xcassets in Resources */ = {isa = PBXBuildFile; fileRef = FC8AB12F26075F0F00BF5AA4 /* Assets.xcassets */; };
		FC8AB13326075F0F00BF5AA4 /* LaunchScreen.storyboard in Resources */ = {isa = PBXBuildFile; fileRef = FC8AB13126075F0F00BF5AA4 /* LaunchScreen.storyboard */; };
/* End PBXBuildFile section */

/* Begin PBXFileReference section */
		FC8AB12326075F0E00BF5AA4 /* GroupedTableViewWithShadow.app */ = {isa = PBXFileReference; explicitFileType = wrapper.application; includeInIndex = 0; path = GroupedTableViewWithShadow.app; sourceTree = BUILT_PRODUCTS_DIR; };
		FC8AB12626075F0E00BF5AA4 /* AppDelegate.swift */ = {isa = PBXFileReference; lastKnownFileType = sourcecode.swift; path = AppDelegate.swift; sourceTree = "<group>"; };
		FC8AB12826075F0E00BF5AA4 /* SceneDelegate.swift */ = {isa = PBXFileReference; lastKnownFileType = sourcecode.swift; path = SceneDelegate.swift; sourceTree = "<group>"; };
		FC8AB12A26075F0E00BF5AA4 /* ViewController.swift */ = {isa = PBXFileReference; lastKnownFileType = sourcecode.swift; path = ViewController.swift; sourceTree = "<group>"; };
		FC8AB12D26075F0E00BF5AA4 /* Base */ = {isa = PBXFileReference; lastKnownFileType = file.storyboard; name = Base; path = Base.lproj/Main.storyboard; sourceTree = "<group>"; };
		FC8AB12F26075F0F00BF5AA4 /* Assets.xcassets */ = {isa = PBXFileReference; lastKnownFileType = folder.assetcatalog; path = Assets.xcassets; sourceTree = "<group>"; };
		FC8AB13226075F0F00BF5AA4 /* Base */ = {isa = PBXFileReference; lastKnownFileType = file.storyboard; name = Base; path = Base.lproj/LaunchScreen.storyboard; sourceTree = "<group>"; };
		FC8AB13426075F0F00BF5AA4 /* Info.plist */ = {isa = PBXFileReference; lastKnownFileType = text.plist.xml; path = Info.plist; sourceTree = "<group>"; };
/* End PBXFileReference section */

/* Begin PBXFrameworksBuildPhase section */
		FC8AB12026075F0E00BF5AA4 /* Frameworks */ = {
			isa = PBXFrameworksBuildPhase;
			buildActionMask = 2147483647;
			files = (
			);
			runOnlyForDeploymentPostprocessing = 0;
		};
/* End PBXFrameworksBuildPhase section */

/* Begin PBXGroup section */
		FC8AB11A26075F0E00BF5AA4 = {
			isa = PBXGroup;
			children = (
				FC8AB12526075F0E00BF5AA4 /* GroupedTableViewWithShadow */,
				FC8AB12426075F0E00BF5AA4 /* Products */,
			);
			sourceTree = "<group>";
		};
		FC8AB12426075F0E00BF5AA4 /* Products */ = {
			isa = PBXGroup;
			children = (
				FC8AB12326075F0E00BF5AA4 /* GroupedTableViewWithShadow.app */,
			);
			name = Products;
			sourceTree = "<group>";
		};
		FC8AB12526075F0E00BF5AA4 /* GroupedTableViewWithShadow */ = {
			isa = PBXGroup;
			children = (
				FC8AB12626075F0E00BF5AA4 /* AppDelegate.swift */,
				FC8AB12826075F0E00BF5AA4 /* SceneDelegate.swift */,
				FC8AB12A26075F0E00BF5AA4 /* ViewController.swift */,
				FC8AB12C26075F0E00BF5AA4 /* Main.storyboard */,
				FC8AB12F26075F0F00BF5AA4 /* Assets.xcassets */,
				FC8AB13126075F0F00BF5AA4 /* LaunchScreen.storyboard */,
				FC8AB13426075F0F00BF5AA4 /* Info.plist */,
			);
			path = GroupedTableViewWithShadow;
			sourceTree = "<group>";
		};
/* End PBXGroup section */

/* Begin PBXNativeTarget section */
		FC8AB12226075F0E00BF5AA4 /* GroupedTableViewWithShadow */ = {
			isa = PBXNativeTarget;
			buildConfigurationList = FC8AB13726075F0F00BF5AA4 /* Build configuration list for PBXNativeTarget "GroupedTableViewWithShadow" */;
			buildPhases = (
				FC8AB11F26075F0E00BF5AA4 /* Sources */,
				FC8AB12026075F0E00BF5AA4 /* Frameworks */,
				FC8AB12126075F0E00BF5AA4 /* Resources */,
			);
			buildRules = (
			);
			dependencies = (
			);
			name = GroupedTableViewWithShadow;
			productName = GroupedTableViewWithShadow;
			productReference = FC8AB12326075F0E00BF5AA4 /* GroupedTableViewWithShadow.app */;
			productType = "com.apple.product-type.application";
		};
/* End PBXNativeTarget section */

/* Begin PBXProject section */
		FC8AB11B26075F0E00BF5AA4 /* Project object */ = {
			isa = PBXProject;
			attributes = {
				LastSwiftUpdateCheck = 1240;
				LastUpgradeCheck = 1240;
				TargetAttributes = {
					FC8AB12226075F0E00BF5AA4 = {
						CreatedOnToolsVersion = 12.4;
					};
				};
			};
			buildConfigurationList = FC8AB11E26075F0E00BF5AA4 /* Build configuration list for PBXProject "GroupedTableViewWithShadow" */;
			compatibilityVersion = "Xcode 9.3";
			developmentRegion = en;
			hasScannedForEncodings = 0;
			knownRegions = (
				en,
				Base,
			);
			mainGroup = FC8AB11A26075F0E00BF5AA4;
			productRefGroup = FC8AB12426075F0E00BF5AA4 /* Products */;
			projectDirPath = "";
			projectRoot = "";
			targets = (
				FC8AB12226075F0E00BF5AA4 /* GroupedTableViewWithShadow */,
			);
		};
/* End PBXProject section */

/* Begin PBXResourcesBuildPhase section */
		FC8AB12126075F0E00BF5AA4 /* Resources */ = {
			isa = PBXResourcesBuildPhase;
			buildActionMask = 2147483647;
			files = (
				FC8AB13326075F0F00BF5AA4 /* LaunchScreen.storyboard in Resources */,
				FC8AB13026075F0F00BF5AA4 /* Assets.xcassets in Resources */,
				FC8AB12E26075F0E00BF5AA4 /* Main.storyboard in Resources */,
			);
			runOnlyForDeploymentPostprocessing = 0;
		};
/* End PBXResourcesBuildPhase section */

/* Begin PBXSourcesBuildPhase section */
		FC8AB11F26075F0E00BF5AA4 /* Sources */ = {
			isa = PBXSourcesBuildPhase;
			buildActionMask = 2147483647;
			files = (
				FC8AB12B26075F0E00BF5AA4 /* ViewController.swift in Sources */,
				FC8AB12726075F0E00BF5AA4 /* AppDelegate.swift in Sources */,
				FC8AB12926075F0E00BF5AA4 /* SceneDelegate.swift in Sources */,
			);
			runOnlyForDeploymentPostprocessing = 0;
		};
/* End PBXSourcesBuildPhase section */

/* Begin PBXVariantGroup section */
		FC8AB12C26075F0E00BF5AA4 /* Main.storyboard */ = {
			isa = PBXVariantGroup;
			children = (
				FC8AB12D26075F0E00BF5AA4 /* Base */,
			);
			name = Main.storyboard;
			sourceTree = "<group>";
		};
		FC8AB13126075F0F00BF5AA4 /* LaunchScreen.storyboard */ = {
			isa = PBXVariantGroup;
			children = (
				FC8AB13226075F0F00BF5AA4 /* Base */,
			);
			name = LaunchScreen.storyboard;
			sourceTree = "<group>";
		};
/* End PBXVariantGroup section */

/* Begin XCBuildConfiguration section */
		FC8AB13526075F0F00BF5AA4 /* Debug */ = {
			isa = XCBuildConfiguration;
			buildSettings = {
				ALWAYS_SEARCH_USER_PATHS = NO;
				CLANG_ANALYZER_NONNULL = YES;
				CLANG_ANALYZER_NUMBER_OBJECT_CONVERSION = YES_AGGRESSIVE;
				CLANG_CXX_LANGUAGE_STANDARD = "gnu++14";
				CLANG_CXX_LIBRARY = "libc++";
				CLANG_ENABLE_MODULES = YES;
				CLANG_ENABLE_OBJC_ARC = YES;
				CLANG_ENABLE_OBJC_WEAK = YES;
				CLANG_WARN_BLOCK_CAPTURE_AUTORELEASING = YES;
				CLANG_WARN_BOOL_CONVERSION = YES;
				CLANG_WARN_COMMA = YES;
				CLANG_WARN_CONSTANT_CONVERSION = YES;
				CLANG_WARN_DEPRECATED_OBJC_IMPLEMENTATIONS = YES;
				CLANG_WARN_DIRECT_OBJC_ISA_USAGE = YES_ERROR;
				CLANG_WARN_DOCUMENTATION_COMMENTS = YES;
				CLANG_WARN_EMPTY_BODY = YES;
				CLANG_WARN_ENUM_CONVERSION = YES;
				CLANG_WARN_INFINITE_RECURSION = YES;
				CLANG_WARN_INT_CONVERSION = YES;
				CLANG_WARN_NON_LITERAL_NULL_CONVERSION = YES;
				CLANG_WARN_OBJC_IMPLICIT_RETAIN_SELF = YES;
				CLANG_WARN_OBJC_LITERAL_CONVERSION = YES;
				CLANG_WARN_OBJC_ROOT_CLASS = YES_ERROR;
				CLANG_WARN_QUOTED_INCLUDE_IN_FRAMEWORK_HEADER = YES;
				CLANG_WARN_RANGE_LOOP_ANALYSIS = YES;
				CLANG_WARN_STRICT_PROTOTYPES = YES;
				CLANG_WARN_SUSPICIOUS_MOVE = YES;
				CLANG_WARN_UNGUARDED_AVAILABILITY = YES_AGGRESSIVE;
				CLANG_WARN_UNREACHABLE_CODE = YES;
				CLANG_WARN__DUPLICATE_METHOD_MATCH = YES;
				COPY_PHASE_STRIP = NO;
				DEBUG_INFORMATION_FORMAT = dwarf;
				ENABLE_STRICT_OBJC_MSGSEND = YES;
				ENABLE_TESTABILITY = YES;
				GCC_C_LANGUAGE_STANDARD = gnu11;
				GCC_DYNAMIC_NO_PIC = NO;
				GCC_NO_COMMON_BLOCKS = YES;
				GCC_OPTIMIZATION_LEVEL = 0;
				GCC_PREPROCESSOR_DEFINITIONS = (
					"DEBUG=1",
					"$(inherited)",
				);
				GCC_WARN_64_TO_32_BIT_CONVERSION = YES;
				GCC_WARN_ABOUT_RETURN_TYPE = YES_ERROR;
				GCC_WARN_UNDECLARED_SELECTOR = YES;
				GCC_WARN_UNINITIALIZED_AUTOS = YES_AGGRESSIVE;
				GCC_WARN_UNUSED_FUNCTION = YES;
				GCC_WARN_UNUSED_VARIABLE = YES;
				IPHONEOS_DEPLOYMENT_TARGET = 14.4;
				MTL_ENABLE_DEBUG_INFO = INCLUDE_SOURCE;
				MTL_FAST_MATH = YES;
				ONLY_ACTIVE_ARCH = YES;
				SDKROOT = iphoneos;
				SWIFT_ACTIVE_COMPILATION_CONDITIONS = DEBUG;
				SWIFT_OPTIMIZATION_LEVEL = "-Onone";
			};
			name = Debug;
		};
		FC8AB13626075F0F00BF5AA4 /* Release */ = {
			isa = XCBuildConfiguration;
			buildSettings = {
				ALWAYS_SEARCH_USER_PATHS = NO;
				CLANG_ANALYZER_NONNULL = YES;
				CLANG_ANALYZER_NUMBER_OBJECT_CONVERSION = YES_AGGRESSIVE;
				CLANG_CXX_LANGUAGE_STANDARD = "gnu++14";
				CLANG_CXX_LIBRARY = "libc++";
				CLANG_ENABLE_MODULES = YES;
				CLANG_ENABLE_OBJC_ARC = YES;
				CLANG_ENABLE_OBJC_WEAK = YES;
				CLANG_WARN_BLOCK_CAPTURE_AUTORELEASING = YES;
				CLANG_WARN_BOOL_CONVERSION = YES;
				CLANG_WARN_COMMA = YES;
				CLANG_WARN_CONSTANT_CONVERSION = YES;
				CLANG_WARN_DEPRECATED_OBJC_IMPLEMENTATIONS = YES;
				CLANG_WARN_DIRECT_OBJC_ISA_USAGE = YES_ERROR;
				CLANG_WARN_DOCUMENTATION_COMMENTS = YES;
				CLANG_WARN_EMPTY_BODY = YES;
				CLANG_WARN_ENUM_CONVERSION = YES;
				CLANG_WARN_INFINITE_RECURSION = YES;
				CLANG_WARN_INT_CONVERSION = YES;
				CLANG_WARN_NON_LITERAL_NULL_CONVERSION = YES;
				CLANG_WARN_OBJC_IMPLICIT_RETAIN_SELF = YES;
				CLANG_WARN_OBJC_LITERAL_CONVERSION = YES;
				CLANG_WARN_OBJC_ROOT_CLASS = YES_ERROR;
				CLANG_WARN_QUOTED_INCLUDE_IN_FRAMEWORK_HEADER = YES;
				CLANG_WARN_RANGE_LOOP_ANALYSIS = YES;
				CLANG_WARN_STRICT_PROTOTYPES = YES;
				CLANG_WARN_SUSPICIOUS_MOVE = YES;
				CLANG_WARN_UNGUARDED_AVAILABILITY = YES_AGGRESSIVE;
				CLANG_WARN_UNREACHABLE_CODE = YES;
				CLANG_WARN__DUPLICATE_METHOD_MATCH = YES;
				COPY_PHASE_STRIP = NO;
				DEBUG_INFORMATION_FORMAT = "dwarf-with-dsym";
				ENABLE_NS_ASSERTIONS = NO;
				ENABLE_STRICT_OBJC_MSGSEND = YES;
				GCC_C_LANGUAGE_STANDARD = gnu11;
				GCC_NO_COMMON_BLOCKS = YES;
				GCC_WARN_64_TO_32_BIT_CONVERSION = YES;
				GCC_WARN_ABOUT_RETURN_TYPE = YES_ERROR;
				GCC_WARN_UNDECLARED_SELECTOR = YES;
				GCC_WARN_UNINITIALIZED_AUTOS = YES_AGGRESSIVE;
				GCC_WARN_UNUSED_FUNCTION = YES;
				GCC_WARN_UNUSED_VARIABLE = YES;
				IPHONEOS_DEPLOYMENT_TARGET = 14.4;
				MTL_ENABLE_DEBUG_INFO = NO;
				MTL_FAST_MATH = YES;
				SDKROOT = iphoneos;
				SWIFT_COMPILATION_MODE = wholemodule;
				SWIFT_OPTIMIZATION_LEVEL = "-O";
				VALIDATE_PRODUCT = YES;
			};
			name = Release;
		};
		FC8AB13826075F0F00BF5AA4 /* Debug */ = {
			isa = XCBuildConfiguration;
			buildSettings = {
				ASSETCATALOG_COMPILER_APPICON_NAME = AppIcon;
				ASSETCATALOG_COMPILER_GLOBAL_ACCENT_COLOR_NAME = AccentColor;
				CODE_SIGN_STYLE = Automatic;
				DEVELOPMENT_TEAM = 6389Z2D8J8;
				INFOPLIST_FILE = GroupedTableViewWithShadow/Info.plist;
				LD_RUNPATH_SEARCH_PATHS = (
					"$(inherited)",
					"@executable_path/Frameworks",
				);
				PRODUCT_BUNDLE_IDENTIFIER = com.sava.GroupedTableViewWithShadow;
				PRODUCT_NAME = "$(TARGET_NAME)";
				SWIFT_VERSION = 5.0;
				TARGETED_DEVICE_FAMILY = "1,2";
			};
			name = Debug;
		};
		FC8AB13926075F0F00BF5AA4 /* Release */ = {
			isa = XCBuildConfiguration;
			buildSettings = {
				ASSETCATALOG_COMPILER_APPICON_NAME = AppIcon;
				ASSETCATALOG_COMPILER_GLOBAL_ACCENT_COLOR_NAME = AccentColor;
				CODE_SIGN_STYLE = Automatic;
				DEVELOPMENT_TEAM = 6389Z2D8J8;
				INFOPLIST_FILE = GroupedTableViewWithShadow/Info.plist;
				LD_RUNPATH_SEARCH_PATHS = (
					"$(inherited)",
					"@executable_path/Frameworks",
				);
				PRODUCT_BUNDLE_IDENTIFIER = com.sava.GroupedTableViewWithShadow;
				PRODUCT_NAME = "$(TARGET_NAME)";
				SWIFT_VERSION = 5.0;
				TARGETED_DEVICE_FAMILY = "1,2";
			};
			name = Release;
		};
/* End XCBuildConfiguration section */

/* Begin XCConfigurationList section */
		FC8AB11E26075F0E00BF5AA4 /* Build configuration list for PBXProject "GroupedTableViewWithShadow" */ = {
			isa = XCConfigurationList;
			buildConfigurations = (
				FC8AB13526075F0F00BF5AA4 /* Debug */,
				FC8AB13626075F0F00BF5AA4 /* Release */,
			);
			defaultConfigurationIsVisible = 0;
			defaultConfigurationName = Release;
		};
		FC8AB13726075F0F00BF5AA4 /* Build configuration list for PBXNativeTarget "GroupedTableViewWithShadow" */ = {
			isa = XCConfigurationList;
			buildConfigurations = (
				FC8AB13826075F0F00BF5AA4 /* Debug */,
				FC8AB13926075F0F00BF5AA4 /* Release */,
			);
			defaultConfigurationIsVisible = 0;
			defaultConfigurationName = Release;
		};
/* End XCConfigurationList section */
	};
	rootObject = FC8AB11B26075F0E00BF5AA4 /* Project object */;
}
